# THIS IS AN AUTOGENERATED FILE. DO NOT EDIT THIS FILE DIRECTLY.
# yarn lockfile v1


date-and-time@0.9.0:
  version "0.9.0"
  resolved "https://registry.yarnpkg.com/date-and-time/-/date-and-time-0.9.0.tgz#1524579e56dc07675c640b41735a7665c0659240"
  integrity sha512-4JybB6PbR+EebpFx/KyR5Ybl+TcdXMLIJkyYsCx3P4M4CWGMuDyFF19yh6TyasMAIF5lrsgIxiSHBXh2FFc7Fg==

react-native-masked-text@^1.13.0:
  version "1.13.0"
  resolved "https://registry.yarnpkg.com/react-native-masked-text/-/react-native-masked-text-1.13.0.tgz#533fde8c45ccbaa1d6b0df30bf19b84b4ace3de3"
  integrity sha512-iMku5Ky6DP4fTRosjsYNJOhH8yoBQCzRALBdv1wVDKmCBQhhVE8RHr5EW4SNUjkYTZL473sDdEKl4NI948q9FQ==
  dependencies:
    date-and-time "0.9.0"
    tinymask "1.0.2"

react-native-responsive-screen@^1.4.2:
  version "1.4.2"
  resolved "https://registry.yarnpkg.com/react-native-responsive-screen/-/react-native-responsive-screen-1.4.2.tgz#45280826d24f9accbfdf46a36cb8e6d780f76f28"
  integrity sha512-BLYz0UUpeohrib7jbz6wDmtBD5OmiuMRko4IT8kIF63taXPod/c5iZgmWnr5qOnK8hMuKiGMvsM3sC+eHX/lEQ==

react-native-simple-radio-button@^2.7.4:
  version "2.7.4"
  resolved "https://registry.yarnpkg.com/react-native-simple-radio-button/-/react-native-simple-radio-button-2.7.4.tgz#86e2dbe8af9e6bf60eee088f60466f7a975e7758"
  integrity sha512-QOZNmJUn0ViBGU+at7wAG/uGzd5PfXi0kMHr9lfTCLXknW/f9f2fOVjxjdHvOCdf/zA/eMJBjGjtusSDzQf1+w==

tinymask@1.0.2:
  version "1.0.2"
  resolved "https://registry.yarnpkg.com/tinymask/-/tinymask-1.0.2.tgz#df3775a94087b0d3d056c256e8923c01b7ec0941"
  integrity sha1-3zd1qUCHsNPQVsJW6JI8AbfsCUE=
