# THIS IS AN AUTOGENERATED FILE. DO NOT EDIT THIS FILE DIRECTLY.
# yarn lockfile v1


react-native-responsive-screen@^1.4.2:
  version "1.4.2"
  resolved "https://registry.yarnpkg.com/react-native-responsive-screen/-/react-native-responsive-screen-1.4.2.tgz#45280826d24f9accbfdf46a36cb8e6d780f76f28"
  integrity sha512-BLYz0UUpeohrib7jbz6wDmtBD5OmiuMRko4IT8kIF63taXPod/c5iZgmWnr5qOnK8hMuKiGMvsM3sC+eHX/lEQ==
